
Microsoft Visual Studio Solution File, Format Version 12.00
# Visual Studio Version 17
VisualStudioVersion = 17.0.31919.166
MinimumVisualStudioVersion = 10.0.40219.1
Project("{FAE04EC0-301F-11D3-BF4B-00C04F79EFBC}") = "CW_1", "CW_1.csproj", "{0642870B-2378-40F1-A1C3-58DE5155EC34}"
EndProject
Global
	GlobalSection(SolutionConfigurationPlatforms) = preSolution
		Debug|Any CPU = Debug|Any CPU
		Release|Any CPU = Release|Any CPU
	EndGlobalSection
	GlobalSection(ProjectConfigurationPlatforms) = postSolution
		{0642870B-2378-40F1-A1C3-58DE5155EC34}.Debug|Any CPU.ActiveCfg = Debug|Any CPU
		{0642870B-2378-40F1-A1C3-58DE5155EC34}.Debug|Any CPU.Build.0 = Debug|Any CPU
		{0642870B-2378-40F1-A1C3-58DE5155EC34}.Release|Any CPU.ActiveCfg = Release|Any CPU
		{0642870B-2378-40F1-A1C3-58DE5155EC34}.Release|Any CPU.Build.0 = Release|Any CPU
	EndGlobalSection
	GlobalSection(SolutionProperties) = preSolution
		HideSolutionNode = FALSE
	EndGlobalSection
	GlobalSection(ExtensibilityGlobals) = postSolution
		SolutionGuid = {08987724-0A59-462F-861E-E67A670F1223}
	EndGlobalSection
EndGlobal
