
Microsoft Visual Studio Solution File, Format Version 12.00
# Visual Studio Version 17
VisualStudioVersion = 17.0.31919.166
MinimumVisualStudioVersion = 10.0.40219.1
Project("{FAE04EC0-301F-11D3-BF4B-00C04F79EFBC}") = "ex6.3", "ex6.3.csproj", "{936B6316-9E27-44FD-87BB-E5E89BC2EA8A}"
EndProject
Global
	GlobalSection(SolutionConfigurationPlatforms) = preSolution
		Debug|Any CPU = Debug|Any CPU
		Release|Any CPU = Release|Any CPU
	EndGlobalSection
	GlobalSection(ProjectConfigurationPlatforms) = postSolution
		{936B6316-9E27-44FD-87BB-E5E89BC2EA8A}.Debug|Any CPU.ActiveCfg = Debug|Any CPU
		{936B6316-9E27-44FD-87BB-E5E89BC2EA8A}.Debug|Any CPU.Build.0 = Debug|Any CPU
		{936B6316-9E27-44FD-87BB-E5E89BC2EA8A}.Release|Any CPU.ActiveCfg = Release|Any CPU
		{936B6316-9E27-44FD-87BB-E5E89BC2EA8A}.Release|Any CPU.Build.0 = Release|Any CPU
	EndGlobalSection
	GlobalSection(SolutionProperties) = preSolution
		HideSolutionNode = FALSE
	EndGlobalSection
	GlobalSection(ExtensibilityGlobals) = postSolution
		SolutionGuid = {BD81ADFB-2036-46EC-A11D-CBBFD5353F6F}
	EndGlobalSection
EndGlobal
